// !$*UTF8*$!
{
	archiveVersion = 1;
	classes = {
	};
	objectVersion = 55;
	objects = {

/* Begin PBXBuildFile section */
		D6A444D62A8EC61600B3756A /* AppDelegate.swift in Sources */ = {isa = PBXBuildFile; fileRef = D6A444D52A8EC61600B3756A /* AppDelegate.swift */; };
		D6A444D82A8EC61600B3756A /* SceneDelegate.swift in Sources */ = {isa = PBXBuildFile; fileRef = D6A444D72A8EC61600B3756A /* SceneDelegate.swift */; };
		D6A444DA2A8EC61600B3756A /* ViewController.swift in Sources */ = {isa = PBXBuildFile; fileRef = D6A444D92A8EC61600B3756A /* ViewController.swift */; };
		D6A444DD2A8EC61600B3756A /* Main.storyboard in Resources */ = {isa = PBXBuildFile; fileRef = D6A444DB2A8EC61600B3756A /* Main.storyboard */; };
		D6A444DF2A8EC61700B3756A /* Assets.xcassets in Resources */ = {isa = PBXBuildFile; fileRef = D6A444DE2A8EC61700B3756A /* Assets.xcassets */; };
		D6A444E22A8EC61700B3756A /* LaunchScreen.storyboard in Resources */ = {isa = PBXBuildFile; fileRef = D6A444E02A8EC61700B3756A /* LaunchScreen.storyboard */; };
		D6A444ED2A8EC61800B3756A /* iOSPaintBrushTests.swift in Sources */ = {isa = PBXBuildFile; fileRef = D6A444EC2A8EC61800B3756A /* iOSPaintBrushTests.swift */; };
		D6A444F72A8EC61800B3756A /* iOSPaintBrushUITests.swift in Sources */ = {isa = PBXBuildFile; fileRef = D6A444F62A8EC61800B3756A /* iOSPaintBrushUITests.swift */; };
		D6A444F92A8EC61800B3756A /* iOSPaintBrushUITestsLaunchTests.swift in Sources */ = {isa = PBXBuildFile; fileRef = D6A444F82A8EC61800B3756A /* iOSPaintBrushUITestsLaunchTests.swift */; };
/* End PBXBuildFile section */

/* Begin PBXContainerItemProxy section */
		D6A444E92A8EC61700B3756A /* PBXContainerItemProxy */ = {
			isa = PBXContainerItemProxy;
			containerPortal = D6A444CA2A8EC61500B3756A /* Project object */;
			proxyType = 1;
			remoteGlobalIDString = D6A444D12A8EC61600B3756A;
			remoteInfo = iOSPaintBrush;
		};
		D6A444F32A8EC61800B3756A /* PBXContainerItemProxy */ = {
			isa = PBXContainerItemProxy;
			containerPortal = D6A444CA2A8EC61500B3756A /* Project object */;
			proxyType = 1;
			remoteGlobalIDString = D6A444D12A8EC61600B3756A;
			remoteInfo = iOSPaintBrush;
		};
/* End PBXContainerItemProxy section */

/* Begin PBXFileReference section */
		D6A444D22A8EC61600B3756A /* iOSPaintBrush.app */ = {isa = PBXFileReference; explicitFileType = wrapper.application; includeInIndex = 0; path = iOSPaintBrush.app; sourceTree = BUILT_PRODUCTS_DIR; };
		D6A444D52A8EC61600B3756A /* AppDelegate.swift */ = {isa = PBXFileReference; lastKnownFileType = sourcecode.swift; path = AppDelegate.swift; sourceTree = "<group>"; };
		D6A444D72A8EC61600B3756A /* SceneDelegate.swift */ = {isa = PBXFileReference; lastKnownFileType = sourcecode.swift; path = SceneDelegate.swift; sourceTree = "<group>"; };
		D6A444D92A8EC61600B3756A /* ViewController.swift */ = {isa = PBXFileReference; lastKnownFileType = sourcecode.swift; path = ViewController.swift; sourceTree = "<group>"; };
		D6A444DC2A8EC61600B3756A /* Base */ = {isa = PBXFileReference; lastKnownFileType = file.storyboard; name = Base; path = Base.lproj/Main.storyboard; sourceTree = "<group>"; };
		D6A444DE2A8EC61700B3756A /* Assets.xcassets */ = {isa = PBXFileReference; lastKnownFileType = folder.assetcatalog; path = Assets.xcassets; sourceTree = "<group>"; };
		D6A444E12A8EC61700B3756A /* Base */ = {isa = PBXFileReference; lastKnownFileType = file.storyboard; name = Base; path = Base.lproj/LaunchScreen.storyboard; sourceTree = "<group>"; };
		D6A444E32A8EC61700B3756A /* Info.plist */ = {isa = PBXFileReference; lastKnownFileType = text.plist.xml; path = Info.plist; sourceTree = "<group>"; };
		D6A444E82A8EC61700B3756A /* iOSPaintBrushTests.xctest */ = {isa = PBXFileReference; explicitFileType = wrapper.cfbundle; includeInIndex = 0; path = iOSPaintBrushTests.xctest; sourceTree = BUILT_PRODUCTS_DIR; };
		D6A444EC2A8EC61800B3756A /* iOSPaintBrushTests.swift */ = {isa = PBXFileReference; lastKnownFileType = sourcecode.swift; path = iOSPaintBrushTests.swift; sourceTree = "<group>"; };
		D6A444F22A8EC61800B3756A /* iOSPaintBrushUITests.xctest */ = {isa = PBXFileReference; explicitFileType = wrapper.cfbundle; includeInIndex = 0; path = iOSPaintBrushUITests.xctest; sourceTree = BUILT_PRODUCTS_DIR; };
		D6A444F62A8EC61800B3756A /* iOSPaintBrushUITests.swift */ = {isa = PBXFileReference; lastKnownFileType = sourcecode.swift; path = iOSPaintBrushUITests.swift; sourceTree = "<group>"; };
		D6A444F82A8EC61800B3756A /* iOSPaintBrushUITestsLaunchTests.swift */ = {isa = PBXFileReference; lastKnownFileType = sourcecode.swift; path = iOSPaintBrushUITestsLaunchTests.swift; sourceTree = "<group>"; };
/* End PBXFileReference section */

/* Begin PBXFrameworksBuildPhase section */
		D6A444CF2A8EC61600B3756A /* Frameworks */ = {
			isa = PBXFrameworksBuildPhase;
			buildActionMask = 2147483647;
			files = (
			);
			runOnlyForDeploymentPostprocessing = 0;
		};
		D6A444E52A8EC61700B3756A /* Frameworks */ = {
			isa = PBXFrameworksBuildPhase;
			buildActionMask = 2147483647;
			files = (
			);
			runOnlyForDeploymentPostprocessing = 0;
		};
		D6A444EF2A8EC61800B3756A /* Frameworks */ = {
			isa = PBXFrameworksBuildPhase;
			buildActionMask = 2147483647;
			files = (
			);
			runOnlyForDeploymentPostprocessing = 0;
		};
/* End PBXFrameworksBuildPhase section */

/* Begin PBXGroup section */
		D6A444C92A8EC61500B3756A = {
			isa = PBXGroup;
			children = (
				D6A444D42A8EC61600B3756A /* iOSPaintBrush */,
				D6A444EB2A8EC61800B3756A /* iOSPaintBrushTests */,
				D6A444F52A8EC61800B3756A /* iOSPaintBrushUITests */,
				D6A444D32A8EC61600B3756A /* Products */,
			);
			sourceTree = "<group>";
		};
		D6A444D32A8EC61600B3756A /* Products */ = {
			isa = PBXGroup;
			children = (
				D6A444D22A8EC61600B3756A /* iOSPaintBrush.app */,
				D6A444E82A8EC61700B3756A /* iOSPaintBrushTests.xctest */,
				D6A444F22A8EC61800B3756A /* iOSPaintBrushUITests.xctest */,
			);
			name = Products;
			sourceTree = "<group>";
		};
		D6A444D42A8EC61600B3756A /* iOSPaintBrush */ = {
			isa = PBXGroup;
			children = (
				D6A444D52A8EC61600B3756A /* AppDelegate.swift */,
				D6A444D72A8EC61600B3756A /* SceneDelegate.swift */,
				D6A444D92A8EC61600B3756A /* ViewController.swift */,
				D6A444DB2A8EC61600B3756A /* Main.storyboard */,
				D6A444DE2A8EC61700B3756A /* Assets.xcassets */,
				D6A444E02A8EC61700B3756A /* LaunchScreen.storyboard */,
				D6A444E32A8EC61700B3756A /* Info.plist */,
			);
			path = iOSPaintBrush;
			sourceTree = "<group>";
		};
		D6A444EB2A8EC61800B3756A /* iOSPaintBrushTests */ = {
			isa = PBXGroup;
			children = (
				D6A444EC2A8EC61800B3756A /* iOSPaintBrushTests.swift */,
			);
			path = iOSPaintBrushTests;
			sourceTree = "<group>";
		};
		D6A444F52A8EC61800B3756A /* iOSPaintBrushUITests */ = {
			isa = PBXGroup;
			children = (
				D6A444F62A8EC61800B3756A /* iOSPaintBrushUITests.swift */,
				D6A444F82A8EC61800B3756A /* iOSPaintBrushUITestsLaunchTests.swift */,
			);
			path = iOSPaintBrushUITests;
			sourceTree = "<group>";
		};
/* End PBXGroup section */

/* Begin PBXNativeTarget section */
		D6A444D12A8EC61600B3756A /* iOSPaintBrush */ = {
			isa = PBXNativeTarget;
			buildConfigurationList = D6A444FC2A8EC61800B3756A /* Build configuration list for PBXNativeTarget "iOSPaintBrush" */;
			buildPhases = (
				D6A444CE2A8EC61600B3756A /* Sources */,
				D6A444CF2A8EC61600B3756A /* Frameworks */,
				D6A444D02A8EC61600B3756A /* Resources */,
			);
			buildRules = (
			);
			dependencies = (
			);
			name = iOSPaintBrush;
			productName = iOSPaintBrush;
			productReference = D6A444D22A8EC61600B3756A /* iOSPaintBrush.app */;
			productType = "com.apple.product-type.application";
		};
		D6A444E72A8EC61700B3756A /* iOSPaintBrushTests */ = {
			isa = PBXNativeTarget;
			buildConfigurationList = D6A444FF2A8EC61800B3756A /* Build configuration list for PBXNativeTarget "iOSPaintBrushTests" */;
			buildPhases = (
				D6A444E42A8EC61700B3756A /* Sources */,
				D6A444E52A8EC61700B3756A /* Frameworks */,
				D6A444E62A8EC61700B3756A /* Resources */,
			);
			buildRules = (
			);
			dependencies = (
				D6A444EA2A8EC61700B3756A /* PBXTargetDependency */,
			);
			name = iOSPaintBrushTests;
			productName = iOSPaintBrushTests;
			productReference = D6A444E82A8EC61700B3756A /* iOSPaintBrushTests.xctest */;
			productType = "com.apple.product-type.bundle.unit-test";
		};
		D6A444F12A8EC61800B3756A /* iOSPaintBrushUITests */ = {
			isa = PBXNativeTarget;
			buildConfigurationList = D6A445022A8EC61800B3756A /* Build configuration list for PBXNativeTarget "iOSPaintBrushUITests" */;
			buildPhases = (
				D6A444EE2A8EC61800B3756A /* Sources */,
				D6A444EF2A8EC61800B3756A /* Frameworks */,
				D6A444F02A8EC61800B3756A /* Resources */,
			);
			buildRules = (
			);
			dependencies = (
				D6A444F42A8EC61800B3756A /* PBXTargetDependency */,
			);
			name = iOSPaintBrushUITests;
			productName = iOSPaintBrushUITests;
			productReference = D6A444F22A8EC61800B3756A /* iOSPaintBrushUITests.xctest */;
			productType = "com.apple.product-type.bundle.ui-testing";
		};
/* End PBXNativeTarget section */

/* Begin PBXProject section */
		D6A444CA2A8EC61500B3756A /* Project object */ = {
			isa = PBXProject;
			attributes = {
				BuildIndependentTargetsInParallel = 1;
				LastSwiftUpdateCheck = 1320;
				LastUpgradeCheck = 1320;
				TargetAttributes = {
					D6A444D12A8EC61600B3756A = {
						CreatedOnToolsVersion = 13.2.1;
					};
					D6A444E72A8EC61700B3756A = {
						CreatedOnToolsVersion = 13.2.1;
						TestTargetID = D6A444D12A8EC61600B3756A;
					};
					D6A444F12A8EC61800B3756A = {
						CreatedOnToolsVersion = 13.2.1;
						TestTargetID = D6A444D12A8EC61600B3756A;
					};
				};
			};
			buildConfigurationList = D6A444CD2A8EC61500B3756A /* Build configuration list for PBXProject "iOSPaintBrush" */;
			compatibilityVersion = "Xcode 13.0";
			developmentRegion = en;
			hasScannedForEncodings = 0;
			knownRegions = (
				en,
				Base,
			);
			mainGroup = D6A444C92A8EC61500B3756A;
			productRefGroup = D6A444D32A8EC61600B3756A /* Products */;
			projectDirPath = "";
			projectRoot = "";
			targets = (
				D6A444D12A8EC61600B3756A /* iOSPaintBrush */,
				D6A444E72A8EC61700B3756A /* iOSPaintBrushTests */,
				D6A444F12A8EC61800B3756A /* iOSPaintBrushUITests */,
			);
		};
/* End PBXProject section */

/* Begin PBXResourcesBuildPhase section */
		D6A444D02A8EC61600B3756A /* Resources */ = {
			isa = PBXResourcesBuildPhase;
			buildActionMask = 2147483647;
			files = (
				D6A444E22A8EC61700B3756A /* LaunchScreen.storyboard in Resources */,
				D6A444DF2A8EC61700B3756A /* Assets.xcassets in Resources */,
				D6A444DD2A8EC61600B3756A /* Main.storyboard in Resources */,
			);
			runOnlyForDeploymentPostprocessing = 0;
		};
		D6A444E62A8EC61700B3756A /* Resources */ = {
			isa = PBXResourcesBuildPhase;
			buildActionMask = 2147483647;
			files = (
			);
			runOnlyForDeploymentPostprocessing = 0;
		};
		D6A444F02A8EC61800B3756A /* Resources */ = {
			isa = PBXResourcesBuildPhase;
			buildActionMask = 2147483647;
			files = (
			);
			runOnlyForDeploymentPostprocessing = 0;
		};
/* End PBXResourcesBuildPhase section */

/* Begin PBXSourcesBuildPhase section */
		D6A444CE2A8EC61600B3756A /* Sources */ = {
			isa = PBXSourcesBuildPhase;
			buildActionMask = 2147483647;
			files = (
				D6A444DA2A8EC61600B3756A /* ViewController.swift in Sources */,
				D6A444D62A8EC61600B3756A /* AppDelegate.swift in Sources */,
				D6A444D82A8EC61600B3756A /* SceneDelegate.swift in Sources */,
			);
			runOnlyForDeploymentPostprocessing = 0;
		};
		D6A444E42A8EC61700B3756A /* Sources */ = {
			isa = PBXSourcesBuildPhase;
			buildActionMask = 2147483647;
			files = (
				D6A444ED2A8EC61800B3756A /* iOSPaintBrushTests.swift in Sources */,
			);
			runOnlyForDeploymentPostprocessing = 0;
		};
		D6A444EE2A8EC61800B3756A /* Sources */ = {
			isa = PBXSourcesBuildPhase;
			buildActionMask = 2147483647;
			files = (
				D6A444F92A8EC61800B3756A /* iOSPaintBrushUITestsLaunchTests.swift in Sources */,
				D6A444F72A8EC61800B3756A /* iOSPaintBrushUITests.swift in Sources */,
			);
			runOnlyForDeploymentPostprocessing = 0;
		};
/* End PBXSourcesBuildPhase section */

/* Begin PBXTargetDependency section */
		D6A444EA2A8EC61700B3756A /* PBXTargetDependency */ = {
			isa = PBXTargetDependency;
			target = D6A444D12A8EC61600B3756A /* iOSPaintBrush */;
			targetProxy = D6A444E92A8EC61700B3756A /* PBXContainerItemProxy */;
		};
		D6A444F42A8EC61800B3756A /* PBXTargetDependency */ = {
			isa = PBXTargetDependency;
			target = D6A444D12A8EC61600B3756A /* iOSPaintBrush */;
			targetProxy = D6A444F32A8EC61800B3756A /* PBXContainerItemProxy */;
		};
/* End PBXTargetDependency section */

/* Begin PBXVariantGroup section */
		D6A444DB2A8EC61600B3756A /* Main.storyboard */ = {
			isa = PBXVariantGroup;
			children = (
				D6A444DC2A8EC61600B3756A /* Base */,
			);
			name = Main.storyboard;
			sourceTree = "<group>";
		};
		D6A444E02A8EC61700B3756A /* LaunchScreen.storyboard */ = {
			isa = PBXVariantGroup;
			children = (
				D6A444E12A8EC61700B3756A /* Base */,
			);
			name = LaunchScreen.storyboard;
			sourceTree = "<group>";
		};
/* End PBXVariantGroup section */

/* Begin XCBuildConfiguration section */
		D6A444FA2A8EC61800B3756A /* Debug */ = {
			isa = XCBuildConfiguration;
			buildSettings = {
				ALWAYS_SEARCH_USER_PATHS = NO;
				CLANG_ANALYZER_NONNULL = YES;
				CLANG_ANALYZER_NUMBER_OBJECT_CONVERSION = YES_AGGRESSIVE;
				CLANG_CXX_LANGUAGE_STANDARD = "gnu++17";
				CLANG_CXX_LIBRARY = "libc++";
				CLANG_ENABLE_MODULES = YES;
				CLANG_ENABLE_OBJC_ARC = YES;
				CLANG_ENABLE_OBJC_WEAK = YES;
				CLANG_WARN_BLOCK_CAPTURE_AUTORELEASING = YES;
				CLANG_WARN_BOOL_CONVERSION = YES;
				CLANG_WARN_COMMA = YES;
				CLANG_WARN_CONSTANT_CONVERSION = YES;
				CLANG_WARN_DEPRECATED_OBJC_IMPLEMENTATIONS = YES;
				CLANG_WARN_DIRECT_OBJC_ISA_USAGE = YES_ERROR;
				CLANG_WARN_DOCUMENTATION_COMMENTS = YES;
				CLANG_WARN_EMPTY_BODY = YES;
				CLANG_WARN_ENUM_CONVERSION = YES;
				CLANG_WARN_INFINITE_RECURSION = YES;
				CLANG_WARN_INT_CONVERSION = YES;
				CLANG_WARN_NON_LITERAL_NULL_CONVERSION = YES;
				CLANG_WARN_OBJC_IMPLICIT_RETAIN_SELF = YES;
				CLANG_WARN_OBJC_LITERAL_CONVERSION = YES;
				CLANG_WARN_OBJC_ROOT_CLASS = YES_ERROR;
				CLANG_WARN_QUOTED_INCLUDE_IN_FRAMEWORK_HEADER = YES;
				CLANG_WARN_RANGE_LOOP_ANALYSIS = YES;
				CLANG_WARN_STRICT_PROTOTYPES = YES;
				CLANG_WARN_SUSPICIOUS_MOVE = YES;
				CLANG_WARN_UNGUARDED_AVAILABILITY = YES_AGGRESSIVE;
				CLANG_WARN_UNREACHABLE_CODE = YES;
				CLANG_WARN__DUPLICATE_METHOD_MATCH = YES;
				COPY_PHASE_STRIP = NO;
				DEBUG_INFORMATION_FORMAT = dwarf;
				ENABLE_STRICT_OBJC_MSGSEND = YES;
				ENABLE_TESTABILITY = YES;
				GCC_C_LANGUAGE_STANDARD = gnu11;
				GCC_DYNAMIC_NO_PIC = NO;
				GCC_NO_COMMON_BLOCKS = YES;
				GCC_OPTIMIZATION_LEVEL = 0;
				GCC_PREPROCESSOR_DEFINITIONS = (
					"DEBUG=1",
					"$(inherited)",
				);
				GCC_WARN_64_TO_32_BIT_CONVERSION = YES;
				GCC_WARN_ABOUT_RETURN_TYPE = YES_ERROR;
				GCC_WARN_UNDECLARED_SELECTOR = YES;
				GCC_WARN_UNINITIALIZED_AUTOS = YES_AGGRESSIVE;
				GCC_WARN_UNUSED_FUNCTION = YES;
				GCC_WARN_UNUSED_VARIABLE = YES;
				IPHONEOS_DEPLOYMENT_TARGET = 15.2;
				MTL_ENABLE_DEBUG_INFO = INCLUDE_SOURCE;
				MTL_FAST_MATH = YES;
				ONLY_ACTIVE_ARCH = YES;
				SDKROOT = iphoneos;
				SWIFT_ACTIVE_COMPILATION_CONDITIONS = DEBUG;
				SWIFT_OPTIMIZATION_LEVEL = "-Onone";
			};
			name = Debug;
		};
		D6A444FB2A8EC61800B3756A /* Release */ = {
			isa = XCBuildConfiguration;
			buildSettings = {
				ALWAYS_SEARCH_USER_PATHS = NO;
				CLANG_ANALYZER_NONNULL = YES;
				CLANG_ANALYZER_NUMBER_OBJECT_CONVERSION = YES_AGGRESSIVE;
				CLANG_CXX_LANGUAGE_STANDARD = "gnu++17";
				CLANG_CXX_LIBRARY = "libc++";
				CLANG_ENABLE_MODULES = YES;
				CLANG_ENABLE_OBJC_ARC = YES;
				CLANG_ENABLE_OBJC_WEAK = YES;
				CLANG_WARN_BLOCK_CAPTURE_AUTORELEASING = YES;
				CLANG_WARN_BOOL_CONVERSION = YES;
				CLANG_WARN_COMMA = YES;
				CLANG_WARN_CONSTANT_CONVERSION = YES;
				CLANG_WARN_DEPRECATED_OBJC_IMPLEMENTATIONS = YES;
				CLANG_WARN_DIRECT_OBJC_ISA_USAGE = YES_ERROR;
				CLANG_WARN_DOCUMENTATION_COMMENTS = YES;
				CLANG_WARN_EMPTY_BODY = YES;
				CLANG_WARN_ENUM_CONVERSION = YES;
				CLANG_WARN_INFINITE_RECURSION = YES;
				CLANG_WARN_INT_CONVERSION = YES;
				CLANG_WARN_NON_LITERAL_NULL_CONVERSION = YES;
				CLANG_WARN_OBJC_IMPLICIT_RETAIN_SELF = YES;
				CLANG_WARN_OBJC_LITERAL_CONVERSION = YES;
				CLANG_WARN_OBJC_ROOT_CLASS = YES_ERROR;
				CLANG_WARN_QUOTED_INCLUDE_IN_FRAMEWORK_HEADER = YES;
				CLANG_WARN_RANGE_LOOP_ANALYSIS = YES;
				CLANG_WARN_STRICT_PROTOTYPES = YES;
				CLANG_WARN_SUSPICIOUS_MOVE = YES;
				CLANG_WARN_UNGUARDED_AVAILABILITY = YES_AGGRESSIVE;
				CLANG_WARN_UNREACHABLE_CODE = YES;
				CLANG_WARN__DUPLICATE_METHOD_MATCH = YES;
				COPY_PHASE_STRIP = NO;
				DEBUG_INFORMATION_FORMAT = "dwarf-with-dsym";
				ENABLE_NS_ASSERTIONS = NO;
				ENABLE_STRICT_OBJC_MSGSEND = YES;
				GCC_C_LANGUAGE_STANDARD = gnu11;
				GCC_NO_COMMON_BLOCKS = YES;
				GCC_WARN_64_TO_32_BIT_CONVERSION = YES;
				GCC_WARN_ABOUT_RETURN_TYPE = YES_ERROR;
				GCC_WARN_UNDECLARED_SELECTOR = YES;
				GCC_WARN_UNINITIALIZED_AUTOS = YES_AGGRESSIVE;
				GCC_WARN_UNUSED_FUNCTION = YES;
				GCC_WARN_UNUSED_VARIABLE = YES;
				IPHONEOS_DEPLOYMENT_TARGET = 15.2;
				MTL_ENABLE_DEBUG_INFO = NO;
				MTL_FAST_MATH = YES;
				SDKROOT = iphoneos;
				SWIFT_COMPILATION_MODE = wholemodule;
				SWIFT_OPTIMIZATION_LEVEL = "-O";
				VALIDATE_PRODUCT = YES;
			};
			name = Release;
		};
		D6A444FD2A8EC61800B3756A /* Debug */ = {
			isa = XCBuildConfiguration;
			buildSettings = {
				ASSETCATALOG_COMPILER_APPICON_NAME = AppIcon;
				ASSETCATALOG_COMPILER_GLOBAL_ACCENT_COLOR_NAME = AccentColor;
				CODE_SIGN_STYLE = Automatic;
				CURRENT_PROJECT_VERSION = 1;
				DEVELOPMENT_TEAM = K6LJCT8RAA;
				GENERATE_INFOPLIST_FILE = YES;
				INFOPLIST_FILE = iOSPaintBrush/Info.plist;
				INFOPLIST_KEY_UIApplicationSupportsIndirectInputEvents = YES;
				INFOPLIST_KEY_UILaunchStoryboardName = LaunchScreen;
				INFOPLIST_KEY_UIMainStoryboardFile = Main;
				INFOPLIST_KEY_UISupportedInterfaceOrientations_iPad = "UIInterfaceOrientationPortrait UIInterfaceOrientationPortraitUpsideDown UIInterfaceOrientationLandscapeLeft UIInterfaceOrientationLandscapeRight";
				INFOPLIST_KEY_UISupportedInterfaceOrientations_iPhone = "UIInterfaceOrientationPortrait UIInterfaceOrientationLandscapeLeft UIInterfaceOrientationLandscapeRight";
				LD_RUNPATH_SEARCH_PATHS = (
					"$(inherited)",
					"@executable_path/Frameworks",
				);
				MARKETING_VERSION = 1.0;
				PRODUCT_BUNDLE_IDENTIFIER = com.ios.iOSPaintBrush;
				PRODUCT_NAME = "$(TARGET_NAME)";
				SWIFT_EMIT_LOC_STRINGS = YES;
				SWIFT_VERSION = 5.0;
				TARGETED_DEVICE_FAMILY = "1,2";
			};
			name = Debug;
		};
		D6A444FE2A8EC61800B3756A /* Release */ = {
			isa = XCBuildConfiguration;
			buildSettings = {
				ASSETCATALOG_COMPILER_APPICON_NAME = AppIcon;
				ASSETCATALOG_COMPILER_GLOBAL_ACCENT_COLOR_NAME = AccentColor;
				CODE_SIGN_STYLE = Automatic;
				CURRENT_PROJECT_VERSION = 1;
				DEVELOPMENT_TEAM = K6LJCT8RAA;
				GENERATE_INFOPLIST_FILE = YES;
				INFOPLIST_FILE = iOSPaintBrush/Info.plist;
				INFOPLIST_KEY_UIApplicationSupportsIndirectInputEvents = YES;
				INFOPLIST_KEY_UILaunchStoryboardName = LaunchScreen;
				INFOPLIST_KEY_UIMainStoryboardFile = Main;
				INFOPLIST_KEY_UISupportedInterfaceOrientations_iPad = "UIInterfaceOrientationPortrait UIInterfaceOrientationPortraitUpsideDown UIInterfaceOrientationLandscapeLeft UIInterfaceOrientationLandscapeRight";
				INFOPLIST_KEY_UISupportedInterfaceOrientations_iPhone = "UIInterfaceOrientationPortrait UIInterfaceOrientationLandscapeLeft UIInterfaceOrientationLandscapeRight";
				LD_RUNPATH_SEARCH_PATHS = (
					"$(inherited)",
					"@executable_path/Frameworks",
				);
				MARKETING_VERSION = 1.0;
				PRODUCT_BUNDLE_IDENTIFIER = com.ios.iOSPaintBrush;
				PRODUCT_NAME = "$(TARGET_NAME)";
				SWIFT_EMIT_LOC_STRINGS = YES;
				SWIFT_VERSION = 5.0;
				TARGETED_DEVICE_FAMILY = "1,2";
			};
			name = Release;
		};
		D6A445002A8EC61800B3756A /* Debug */ = {
			isa = XCBuildConfiguration;
			buildSettings = {
				ALWAYS_EMBED_SWIFT_STANDARD_LIBRARIES = YES;
				BUNDLE_LOADER = "$(TEST_HOST)";
				CODE_SIGN_STYLE = Automatic;
				CURRENT_PROJECT_VERSION = 1;
				DEVELOPMENT_TEAM = K6LJCT8RAA;
				GENERATE_INFOPLIST_FILE = YES;
				IPHONEOS_DEPLOYMENT_TARGET = 15.2;
				MARKETING_VERSION = 1.0;
				PRODUCT_BUNDLE_IDENTIFIER = com.ios.iOSPaintBrushTests;
				PRODUCT_NAME = "$(TARGET_NAME)";
				SWIFT_EMIT_LOC_STRINGS = NO;
				SWIFT_VERSION = 5.0;
				TARGETED_DEVICE_FAMILY = "1,2";
				TEST_HOST = "$(BUILT_PRODUCTS_DIR)/iOSPaintBrush.app/iOSPaintBrush";
			};
			name = Debug;
		};
		D6A445012A8EC61800B3756A /* Release */ = {
			isa = XCBuildConfiguration;
			buildSettings = {
				ALWAYS_EMBED_SWIFT_STANDARD_LIBRARIES = YES;
				BUNDLE_LOADER = "$(TEST_HOST)";
				CODE_SIGN_STYLE = Automatic;
				CURRENT_PROJECT_VERSION = 1;
				DEVELOPMENT_TEAM = K6LJCT8RAA;
				GENERATE_INFOPLIST_FILE = YES;
				IPHONEOS_DEPLOYMENT_TARGET = 15.2;
				MARKETING_VERSION = 1.0;
				PRODUCT_BUNDLE_IDENTIFIER = com.ios.iOSPaintBrushTests;
				PRODUCT_NAME = "$(TARGET_NAME)";
				SWIFT_EMIT_LOC_STRINGS = NO;
				SWIFT_VERSION = 5.0;
				TARGETED_DEVICE_FAMILY = "1,2";
				TEST_HOST = "$(BUILT_PRODUCTS_DIR)/iOSPaintBrush.app/iOSPaintBrush";
			};
			name = Release;
		};
		D6A445032A8EC61800B3756A /* Debug */ = {
			isa = XCBuildConfiguration;
			buildSettings = {
				ALWAYS_EMBED_SWIFT_STANDARD_LIBRARIES = YES;
				CODE_SIGN_STYLE = Automatic;
				CURRENT_PROJECT_VERSION = 1;
				DEVELOPMENT_TEAM = K6LJCT8RAA;
				GENERATE_INFOPLIST_FILE = YES;
				MARKETING_VERSION = 1.0;
				PRODUCT_BUNDLE_IDENTIFIER = com.ios.iOSPaintBrushUITests;
				PRODUCT_NAME = "$(TARGET_NAME)";
				SWIFT_EMIT_LOC_STRINGS = NO;
				SWIFT_VERSION = 5.0;
				TARGETED_DEVICE_FAMILY = "1,2";
				TEST_TARGET_NAME = iOSPaintBrush;
			};
			name = Debug;
		};
		D6A445042A8EC61800B3756A /* Release */ = {
			isa = XCBuildConfiguration;
			buildSettings = {
				ALWAYS_EMBED_SWIFT_STANDARD_LIBRARIES = YES;
				CODE_SIGN_STYLE = Automatic;
				CURRENT_PROJECT_VERSION = 1;
				DEVELOPMENT_TEAM = K6LJCT8RAA;
				GENERATE_INFOPLIST_FILE = YES;
				MARKETING_VERSION = 1.0;
				PRODUCT_BUNDLE_IDENTIFIER = com.ios.iOSPaintBrushUITests;
				PRODUCT_NAME = "$(TARGET_NAME)";
				SWIFT_EMIT_LOC_STRINGS = NO;
				SWIFT_VERSION = 5.0;
				TARGETED_DEVICE_FAMILY = "1,2";
				TEST_TARGET_NAME = iOSPaintBrush;
			};
			name = Release;
		};
/* End XCBuildConfiguration section */

/* Begin XCConfigurationList section */
		D6A444CD2A8EC61500B3756A /* Build configuration list for PBXProject "iOSPaintBrush" */ = {
			isa = XCConfigurationList;
			buildConfigurations = (
				D6A444FA2A8EC61800B3756A /* Debug */,
				D6A444FB2A8EC61800B3756A /* Release */,
			);
			defaultConfigurationIsVisible = 0;
			defaultConfigurationName = Release;
		};
		D6A444FC2A8EC61800B3756A /* Build configuration list for PBXNativeTarget "iOSPaintBrush" */ = {
			isa = XCConfigurationList;
			buildConfigurations = (
				D6A444FD2A8EC61800B3756A /* Debug */,
				D6A444FE2A8EC61800B3756A /* Release */,
			);
			defaultConfigurationIsVisible = 0;
			defaultConfigurationName = Release;
		};
		D6A444FF2A8EC61800B3756A /* Build configuration list for PBXNativeTarget "iOSPaintBrushTests" */ = {
			isa = XCConfigurationList;
			buildConfigurations = (
				D6A445002A8EC61800B3756A /* Debug */,
				D6A445012A8EC61800B3756A /* Release */,
			);
			defaultConfigurationIsVisible = 0;
			defaultConfigurationName = Release;
		};
		D6A445022A8EC61800B3756A /* Build configuration list for PBXNativeTarget "iOSPaintBrushUITests" */ = {
			isa = XCConfigurationList;
			buildConfigurations = (
				D6A445032A8EC61800B3756A /* Debug */,
				D6A445042A8EC61800B3756A /* Release */,
			);
			defaultConfigurationIsVisible = 0;
			defaultConfigurationName = Release;
		};
/* End XCConfigurationList section */
	};
	rootObject = D6A444CA2A8EC61500B3756A /* Project object */;
}
